
Microsoft Visual Studio Solution File, Format Version 12.00
# Visual Studio Version 16
VisualStudioVersion = 16.0.31424.327
MinimumVisualStudioVersion = 10.0.40219.1
Project("{FAE04EC0-301F-11D3-BF4B-00C04F79EFBC}") = "WF_NET5_STUDY01", "WF_NET5_STUDY01.csproj", "{A7952943-08ED-4B65-88D9-1A968C16614B}"
EndProject
Global
	GlobalSection(SolutionConfigurationPlatforms) = preSolution
		Debug|Any CPU = Debug|Any CPU
		Release|Any CPU = Release|Any CPU
	EndGlobalSection
	GlobalSection(ProjectConfigurationPlatforms) = postSolution
		{A7952943-08ED-4B65-88D9-1A968C16614B}.Debug|Any CPU.ActiveCfg = Debug|Any CPU
		{A7952943-08ED-4B65-88D9-1A968C16614B}.Debug|Any CPU.Build.0 = Debug|Any CPU
		{A7952943-08ED-4B65-88D9-1A968C16614B}.Release|Any CPU.ActiveCfg = Release|Any CPU
		{A7952943-08ED-4B65-88D9-1A968C16614B}.Release|Any CPU.Build.0 = Release|Any CPU
	EndGlobalSection
	GlobalSection(SolutionProperties) = preSolution
		HideSolutionNode = FALSE
	EndGlobalSection
	GlobalSection(ExtensibilityGlobals) = postSolution
		SolutionGuid = {3AE6482C-C629-4A6F-8E3A-084543B00E64}
	EndGlobalSection
EndGlobal
